// !$*UTF8*$!
{
	archiveVersion = 1;
	classes = {
	};
	objectVersion = 46;
	objects = {

/* Begin PBXBuildFile section */
		0E8C8EBB131221E0000B9D7A /* PatchTableViewCell.m in Sources */ = {isa = PBXBuildFile; fileRef = 0E8C8EBA131221E0000B9D7A /* PatchTableViewCell.m */; };
		0E8C8F191312306E000B9D7A /* test2.pd in Resources */ = {isa = PBXBuildFile; fileRef = 0E8C8F181312306E000B9D7A /* test2.pd */; };
		0ED51349132BBE6500970D18 /* libpd-ios.a in Frameworks */ = {isa = PBXBuildFile; fileRef = 0ED512FD132BB71700970D18 /* libpd-ios.a */; };
		1152A396147D362B00DCD675 /* AVFoundation.framework in Frameworks */ = {isa = PBXBuildFile; fileRef = 1152A395147D362B00DCD675 /* AVFoundation.framework */; };
		11C6079F137D0A6C006D7F8B /* synctest.pd in Resources */ = {isa = PBXBuildFile; fileRef = 11C6079E137D0A6C006D7F8B /* synctest.pd */; };
		1D3623260D0F684500981E51 /* PolyPatchAppDelegate.m in Sources */ = {isa = PBXBuildFile; fileRef = 1D3623250D0F684500981E51 /* PolyPatchAppDelegate.m */; };
		1D60589B0D05DD56006BFB54 /* main.m in Sources */ = {isa = PBXBuildFile; fileRef = 29B97316FDCFA39411CA2CEA /* main.m */; };
		28D7ACF80DDB3853001CB0EB /* PolyPatchViewController.m in Sources */ = {isa = PBXBuildFile; fileRef = 28D7ACF70DDB3853001CB0EB /* PolyPatchViewController.m */; };
		DC0C300E125D15FC008B6389 /* Foundation.framework in Frameworks */ = {isa = PBXBuildFile; fileRef = DC0C300D125D15FC008B6389 /* Foundation.framework */; };
		DC0C3012125D160B008B6389 /* UIKit.framework in Frameworks */ = {isa = PBXBuildFile; fileRef = DC0C3011125D160B008B6389 /* UIKit.framework */; };
		DC0C3016125D1614008B6389 /* CoreGraphics.framework in Frameworks */ = {isa = PBXBuildFile; fileRef = DC0C3015125D1614008B6389 /* CoreGraphics.framework */; };
		DC35155112676B75004825FB /* ReadMe.txt in Resources */ = {isa = PBXBuildFile; fileRef = DC35155012676B75004825FB /* ReadMe.txt */; };
		DC609326125BBEED00F8509D /* test.pd in Resources */ = {isa = PBXBuildFile; fileRef = DC609325125BBEED00F8509D /* test.pd */; };
		DCCC7CDF125C3E0F002CF6AC /* AudioToolbox.framework in Frameworks */ = {isa = PBXBuildFile; fileRef = DCCC7CDE125C3E0F002CF6AC /* AudioToolbox.framework */; };
/* End PBXBuildFile section */

/* Begin PBXContainerItemProxy section */
		0ED512FC132BB71700970D18 /* PBXContainerItemProxy */ = {
			isa = PBXContainerItemProxy;
			containerPortal = 0E0EE92E12EC26C6004BA33D /* libpd.xcodeproj */;
			proxyType = 2;
			remoteGlobalIDString = D2AAC07E0554694100DB518D;
			remoteInfo = libpd;
		};
		0ED51321132BBCAF00970D18 /* PBXContainerItemProxy */ = {
			isa = PBXContainerItemProxy;
			containerPortal = 0E0EE92E12EC26C6004BA33D /* libpd.xcodeproj */;
			proxyType = 1;
			remoteGlobalIDString = D2AAC07D0554694100DB518D;
			remoteInfo = libpd;
		};
		11A30E73161153F800786A6D /* PBXContainerItemProxy */ = {
			isa = PBXContainerItemProxy;
			containerPortal = 0E0EE92E12EC26C6004BA33D /* libpd.xcodeproj */;
			proxyType = 2;
			remoteGlobalIDString = 119013AB1486450C00086F19;
			remoteInfo = "libpd-osx";
		};
/* End PBXContainerItemProxy section */

/* Begin PBXFileReference section */
		0E0EE92E12EC26C6004BA33D /* libpd.xcodeproj */ = {isa = PBXFileReference; lastKnownFileType = "wrapper.pb-project"; name = libpd.xcodeproj; path = ../libpd/libpd.xcodeproj; sourceTree = SOURCE_ROOT; };
		0E334CDB12EEF0BE001C571D /* RCommon.h */ = {isa = PBXFileReference; fileEncoding = 4; lastKnownFileType = sourcecode.c.h; path = RCommon.h; sourceTree = "<group>"; };
		0E8C8EB9131221E0000B9D7A /* PatchTableViewCell.h */ = {isa = PBXFileReference; fileEncoding = 4; lastKnownFileType = sourcecode.c.h; path = PatchTableViewCell.h; sourceTree = "<group>"; };
		0E8C8EBA131221E0000B9D7A /* PatchTableViewCell.m */ = {isa = PBXFileReference; fileEncoding = 4; lastKnownFileType = sourcecode.c.objc; path = PatchTableViewCell.m; sourceTree = "<group>"; };
		0E8C8F181312306E000B9D7A /* test2.pd */ = {isa = PBXFileReference; fileEncoding = 4; lastKnownFileType = text; name = test2.pd; path = Resources/test2.pd; sourceTree = "<group>"; };
		1152A395147D362B00DCD675 /* AVFoundation.framework */ = {isa = PBXFileReference; lastKnownFileType = wrapper.framework; name = AVFoundation.framework; path = System/Library/Frameworks/AVFoundation.framework; sourceTree = SDKROOT; };
		11C6079E137D0A6C006D7F8B /* synctest.pd */ = {isa = PBXFileReference; fileEncoding = 4; lastKnownFileType = text; name = synctest.pd; path = Resources/synctest.pd; sourceTree = "<group>"; };
		1D3623240D0F684500981E51 /* PolyPatchAppDelegate.h */ = {isa = PBXFileReference; fileEncoding = 4; lastKnownFileType = sourcecode.c.h; path = PolyPatchAppDelegate.h; sourceTree = "<group>"; };
		1D3623250D0F684500981E51 /* PolyPatchAppDelegate.m */ = {isa = PBXFileReference; fileEncoding = 4; lastKnownFileType = sourcecode.c.objc; path = PolyPatchAppDelegate.m; sourceTree = "<group>"; };
		1D6058910D05DD3D006BFB54 /* PolyPatch.app */ = {isa = PBXFileReference; explicitFileType = wrapper.application; includeInIndex = 0; path = PolyPatch.app; sourceTree = BUILT_PRODUCTS_DIR; };
		28D7ACF60DDB3853001CB0EB /* PolyPatchViewController.h */ = {isa = PBXFileReference; fileEncoding = 4; lastKnownFileType = sourcecode.c.h; path = PolyPatchViewController.h; sourceTree = "<group>"; };
		28D7ACF70DDB3853001CB0EB /* PolyPatchViewController.m */ = {isa = PBXFileReference; fileEncoding = 4; lastKnownFileType = sourcecode.c.objc; path = PolyPatchViewController.m; sourceTree = "<group>"; };
		29B97316FDCFA39411CA2CEA /* main.m */ = {isa = PBXFileReference; fileEncoding = 4; lastKnownFileType = sourcecode.c.objc; path = main.m; sourceTree = "<group>"; };
		32CA4F630368D1EE00C91783 /* PolyPatch_Prefix.pch */ = {isa = PBXFileReference; fileEncoding = 4; lastKnownFileType = sourcecode.c.h; path = PolyPatch_Prefix.pch; sourceTree = "<group>"; };
		8D1107310486CEB800E47090 /* PolyPatch-Info.plist */ = {isa = PBXFileReference; fileEncoding = 4; lastKnownFileType = text.plist.xml; path = "PolyPatch-Info.plist"; plistStructureDefinitionIdentifier = "com.apple.xcode.plist.structure-definition.iphone.info-plist"; sourceTree = "<group>"; };
		DC0C300D125D15FC008B6389 /* Foundation.framework */ = {isa = PBXFileReference; lastKnownFileType = wrapper.framework; name = Foundation.framework; path = System/Library/Frameworks/Foundation.framework; sourceTree = SDKROOT; };
		DC0C3011125D160B008B6389 /* UIKit.framework */ = {isa = PBXFileReference; lastKnownFileType = wrapper.framework; name = UIKit.framework; path = System/Library/Frameworks/UIKit.framework; sourceTree = SDKROOT; };
		DC0C3015125D1614008B6389 /* CoreGraphics.framework */ = {isa = PBXFileReference; lastKnownFileType = wrapper.framework; name = CoreGraphics.framework; path = System/Library/Frameworks/CoreGraphics.framework; sourceTree = SDKROOT; };
		DC35155012676B75004825FB /* ReadMe.txt */ = {isa = PBXFileReference; fileEncoding = 4; lastKnownFileType = text; path = ReadMe.txt; sourceTree = "<group>"; };
		DC609325125BBEED00F8509D /* test.pd */ = {isa = PBXFileReference; fileEncoding = 4; lastKnownFileType = text; name = test.pd; path = Resources/test.pd; sourceTree = "<group>"; };
		DCCC7CDE125C3E0F002CF6AC /* AudioToolbox.framework */ = {isa = PBXFileReference; lastKnownFileType = wrapper.framework; name = AudioToolbox.framework; path = /System/Library/Frameworks/AudioToolbox.framework; sourceTree = "<absolute>"; };
/* End PBXFileReference section */

/* Begin PBXFrameworksBuildPhase section */
		1D60588F0D05DD3D006BFB54 /* Frameworks */ = {
			isa = PBXFrameworksBuildPhase;
			buildActionMask = 2147483647;
			files = (
				1152A396147D362B00DCD675 /* AVFoundation.framework in Frameworks */,
				DCCC7CDF125C3E0F002CF6AC /* AudioToolbox.framework in Frameworks */,
				DC0C300E125D15FC008B6389 /* Foundation.framework in Frameworks */,
				DC0C3012125D160B008B6389 /* UIKit.framework in Frameworks */,
				DC0C3016125D1614008B6389 /* CoreGraphics.framework in Frameworks */,
				0ED51349132BBE6500970D18 /* libpd-ios.a in Frameworks */,
			);
			runOnlyForDeploymentPostprocessing = 0;
		};
/* End PBXFrameworksBuildPhase section */

/* Begin PBXGroup section */
		080E96DDFE201D6D7F000001 /* Classes */ = {
			isa = PBXGroup;
			children = (
				1D3623240D0F684500981E51 /* PolyPatchAppDelegate.h */,
				1D3623250D0F684500981E51 /* PolyPatchAppDelegate.m */,
				28D7ACF60DDB3853001CB0EB /* PolyPatchViewController.h */,
				28D7ACF70DDB3853001CB0EB /* PolyPatchViewController.m */,
				0E8C8EB9131221E0000B9D7A /* PatchTableViewCell.h */,
				0E8C8EBA131221E0000B9D7A /* PatchTableViewCell.m */,
			);
			path = Classes;
			sourceTree = "<group>";
		};
		0ED512F9132BB71700970D18 /* Products */ = {
			isa = PBXGroup;
			children = (
				0ED512FD132BB71700970D18 /* libpd-ios.a */,
				11A30E74161153F800786A6D /* libpd-osx.a */,
			);
			name = Products;
			sourceTree = "<group>";
		};
		19C28FACFE9D520D11CA2CBB /* Products */ = {
			isa = PBXGroup;
			children = (
				1D6058910D05DD3D006BFB54 /* PolyPatch.app */,
			);
			name = Products;
			sourceTree = "<group>";
		};
		29B97314FDCFA39411CA2CEA /* CustomTemplate */ = {
			isa = PBXGroup;
			children = (
				0E0EE92E12EC26C6004BA33D /* libpd.xcodeproj */,
				DC35155012676B75004825FB /* ReadMe.txt */,
				080E96DDFE201D6D7F000001 /* Classes */,
				29B97315FDCFA39411CA2CEA /* Other Sources */,
				29B97317FDCFA39411CA2CEA /* Resources */,
				29B97323FDCFA39411CA2CEA /* Frameworks */,
				19C28FACFE9D520D11CA2CBB /* Products */,
			);
			name = CustomTemplate;
			sourceTree = "<group>";
		};
		29B97315FDCFA39411CA2CEA /* Other Sources */ = {
			isa = PBXGroup;
			children = (
				32CA4F630368D1EE00C91783 /* PolyPatch_Prefix.pch */,
				29B97316FDCFA39411CA2CEA /* main.m */,
				0E334CDB12EEF0BE001C571D /* RCommon.h */,
			);
			name = "Other Sources";
			sourceTree = "<group>";
		};
		29B97317FDCFA39411CA2CEA /* Resources */ = {
			isa = PBXGroup;
			children = (
				11C6079E137D0A6C006D7F8B /* synctest.pd */,
				0E8C8F181312306E000B9D7A /* test2.pd */,
				DC609325125BBEED00F8509D /* test.pd */,
				8D1107310486CEB800E47090 /* PolyPatch-Info.plist */,
			);
			name = Resources;
			sourceTree = "<group>";
		};
		29B97323FDCFA39411CA2CEA /* Frameworks */ = {
			isa = PBXGroup;
			children = (
				1152A395147D362B00DCD675 /* AVFoundation.framework */,
				DCCC7CDE125C3E0F002CF6AC /* AudioToolbox.framework */,
				DC0C300D125D15FC008B6389 /* Foundation.framework */,
				DC0C3011125D160B008B6389 /* UIKit.framework */,
				DC0C3015125D1614008B6389 /* CoreGraphics.framework */,
			);
			name = Frameworks;
			sourceTree = "<group>";
		};
/* End PBXGroup section */

/* Begin PBXNativeTarget section */
		1D6058900D05DD3D006BFB54 /* PolyPatch */ = {
			isa = PBXNativeTarget;
			buildConfigurationList = 1D6058960D05DD3E006BFB54 /* Build configuration list for PBXNativeTarget "PolyPatch" */;
			buildPhases = (
				1D60588D0D05DD3D006BFB54 /* Resources */,
				1D60588E0D05DD3D006BFB54 /* Sources */,
				1D60588F0D05DD3D006BFB54 /* Frameworks */,
			);
			buildRules = (
			);
			dependencies = (
				0ED51322132BBCAF00970D18 /* PBXTargetDependency */,
			);
			name = PolyPatch;
			productName = PolyPatch;
			productReference = 1D6058910D05DD3D006BFB54 /* PolyPatch.app */;
			productType = "com.apple.product-type.application";
		};
/* End PBXNativeTarget section */

/* Begin PBXProject section */
		29B97313FDCFA39411CA2CEA /* Project object */ = {
			isa = PBXProject;
			attributes = {
				LastUpgradeCheck = 0450;
			};
			buildConfigurationList = C01FCF4E08A954540054247B /* Build configuration list for PBXProject "PolyPatch" */;
			compatibilityVersion = "Xcode 3.2";
			developmentRegion = English;
			hasScannedForEncodings = 1;
			knownRegions = (
				English,
				Japanese,
				French,
				German,
			);
			mainGroup = 29B97314FDCFA39411CA2CEA /* CustomTemplate */;
			projectDirPath = "";
			projectReferences = (
				{
					ProductGroup = 0ED512F9132BB71700970D18 /* Products */;
					ProjectRef = 0E0EE92E12EC26C6004BA33D /* libpd.xcodeproj */;
				},
			);
			projectRoot = "";
			targets = (
				1D6058900D05DD3D006BFB54 /* PolyPatch */,
			);
		};
/* End PBXProject section */

/* Begin PBXReferenceProxy section */
		0ED512FD132BB71700970D18 /* libpd-ios.a */ = {
			isa = PBXReferenceProxy;
			fileType = archive.ar;
			path = "libpd-ios.a";
			remoteRef = 0ED512FC132BB71700970D18 /* PBXContainerItemProxy */;
			sourceTree = BUILT_PRODUCTS_DIR;
		};
		11A30E74161153F800786A6D /* libpd-osx.a */ = {
			isa = PBXReferenceProxy;
			fileType = archive.ar;
			path = "libpd-osx.a";
			remoteRef = 11A30E73161153F800786A6D /* PBXContainerItemProxy */;
			sourceTree = BUILT_PRODUCTS_DIR;
		};
/* End PBXReferenceProxy section */

/* Begin PBXResourcesBuildPhase section */
		1D60588D0D05DD3D006BFB54 /* Resources */ = {
			isa = PBXResourcesBuildPhase;
			buildActionMask = 2147483647;
			files = (
				DC609326125BBEED00F8509D /* test.pd in Resources */,
				DC35155112676B75004825FB /* ReadMe.txt in Resources */,
				0E8C8F191312306E000B9D7A /* test2.pd in Resources */,
				11C6079F137D0A6C006D7F8B /* synctest.pd in Resources */,
			);
			runOnlyForDeploymentPostprocessing = 0;
		};
/* End PBXResourcesBuildPhase section */

/* Begin PBXSourcesBuildPhase section */
		1D60588E0D05DD3D006BFB54 /* Sources */ = {
			isa = PBXSourcesBuildPhase;
			buildActionMask = 2147483647;
			files = (
				1D60589B0D05DD56006BFB54 /* main.m in Sources */,
				1D3623260D0F684500981E51 /* PolyPatchAppDelegate.m in Sources */,
				28D7ACF80DDB3853001CB0EB /* PolyPatchViewController.m in Sources */,
				0E8C8EBB131221E0000B9D7A /* PatchTableViewCell.m in Sources */,
			);
			runOnlyForDeploymentPostprocessing = 0;
		};
/* End PBXSourcesBuildPhase section */

/* Begin PBXTargetDependency section */
		0ED51322132BBCAF00970D18 /* PBXTargetDependency */ = {
			isa = PBXTargetDependency;
			name = libpd;
			targetProxy = 0ED51321132BBCAF00970D18 /* PBXContainerItemProxy */;
		};
/* End PBXTargetDependency section */

/* Begin XCBuildConfiguration section */
		1D6058940D05DD3E006BFB54 /* Debug */ = {
			isa = XCBuildConfiguration;
			buildSettings = {
				ALWAYS_SEARCH_USER_PATHS = NO;
				ARCHS = (
					armv6,
					armv7,
				);
				"CODE_SIGN_IDENTITY[sdk=iphoneos*]" = "iPhone Developer";
				COPY_PHASE_STRIP = NO;
				GCC_DYNAMIC_NO_PIC = NO;
				GCC_OPTIMIZATION_LEVEL = 0;
				GCC_PRECOMPILE_PREFIX_HEADER = YES;
				GCC_PREFIX_HEADER = PolyPatch_Prefix.pch;
				GCC_THUMB_SUPPORT = NO;
				HEADER_SEARCH_PATHS = ../libpd/objc;
				INFOPLIST_FILE = "PolyPatch-Info.plist";
				IPHONEOS_DEPLOYMENT_TARGET = 4.0;
				ONLY_ACTIVE_ARCH = YES;
				PRODUCT_NAME = PolyPatch;
				"PROVISIONING_PROFILE[sdk=iphoneos*]" = "";
				SDKROOT = iphoneos;
			};
			name = Debug;
		};
		1D6058950D05DD3E006BFB54 /* Release */ = {
			isa = XCBuildConfiguration;
			buildSettings = {
				ALWAYS_SEARCH_USER_PATHS = NO;
				ARCHS = (
					armv6,
					armv7,
				);
				COPY_PHASE_STRIP = YES;
				GCC_PRECOMPILE_PREFIX_HEADER = YES;
				GCC_PREFIX_HEADER = PolyPatch_Prefix.pch;
				GCC_THUMB_SUPPORT = NO;
				HEADER_SEARCH_PATHS = ../libpd/objc;
				INFOPLIST_FILE = "PolyPatch-Info.plist";
				IPHONEOS_DEPLOYMENT_TARGET = 4.0;
				ONLY_ACTIVE_ARCH = YES;
				PRODUCT_NAME = PolyPatch;
				SDKROOT = iphoneos;
				VALIDATE_PRODUCT = YES;
			};
			name = Release;
		};
		C01FCF4F08A954540054247B /* Debug */ = {
			isa = XCBuildConfiguration;
			buildSettings = {
				"CODE_SIGN_IDENTITY[sdk=iphoneos*]" = "iPhone Developer";
				GCC_C_LANGUAGE_STANDARD = c99;
				GCC_WARN_ABOUT_RETURN_TYPE = YES;
				GCC_WARN_UNUSED_VARIABLE = NO;
				HEADER_SEARCH_PATHS = ../libpd/objc;
				IPHONEOS_DEPLOYMENT_TARGET = 4.0;
				OTHER_CFLAGS = "-DR_DEBUG";
				"PROVISIONING_PROFILE[sdk=iphoneos*]" = "";
				SDKROOT = iphoneos;
				TARGETED_DEVICE_FAMILY = "1,2";
			};
			name = Debug;
		};
		C01FCF5008A954540054247B /* Release */ = {
			isa = XCBuildConfiguration;
			buildSettings = {
				"CODE_SIGN_IDENTITY[sdk=iphoneos*]" = "iPhone Developer";
				GCC_C_LANGUAGE_STANDARD = c99;
				GCC_WARN_ABOUT_RETURN_TYPE = YES;
				GCC_WARN_UNUSED_VARIABLE = NO;
				HEADER_SEARCH_PATHS = ../libpd/objc;
				IPHONEOS_DEPLOYMENT_TARGET = 4.0;
				OTHER_CFLAGS = "";
				"PROVISIONING_PROFILE[sdk=iphoneos*]" = "";
				SDKROOT = iphoneos;
				TARGETED_DEVICE_FAMILY = "1,2";
			};
			name = Release;
		};
/* End XCBuildConfiguration section */

/* Begin XCConfigurationList section */
		1D6058960D05DD3E006BFB54 /* Build configuration list for PBXNativeTarget "PolyPatch" */ = {
			isa = XCConfigurationList;
			buildConfigurations = (
				1D6058940D05DD3E006BFB54 /* Debug */,
				1D6058950D05DD3E006BFB54 /* Release */,
			);
			defaultConfigurationIsVisible = 0;
			defaultConfigurationName = Release;
		};
		C01FCF4E08A954540054247B /* Build configuration list for PBXProject "PolyPatch" */ = {
			isa = XCConfigurationList;
			buildConfigurations = (
				C01FCF4F08A954540054247B /* Debug */,
				C01FCF5008A954540054247B /* Release */,
			);
			defaultConfigurationIsVisible = 0;
			defaultConfigurationName = Release;
		};
/* End XCConfigurationList section */
	};
	rootObject = 29B97313FDCFA39411CA2CEA /* Project object */;
}
