// !$*UTF8*$!
{
	archiveVersion = 1;
	classes = {
	};
	objectVersion = 46;
	objects = {

/* Begin PBXBuildFile section */
		1152A477147F6A0D00DCD675 /* AVFoundation.framework in Frameworks */ = {isa = PBXBuildFile; fileRef = 1152A476147F6A0D00DCD675 /* AVFoundation.framework */; };
		1152A478147F6C6600DCD675 /* libpd-ios.a in Frameworks */ = {isa = PBXBuildFile; fileRef = 1152A465147F667400DCD675 /* libpd-ios.a */; };
		1D3623260D0F684500981E51 /* PdTestAppDelegate.m in Sources */ = {isa = PBXBuildFile; fileRef = 1D3623250D0F684500981E51 /* PdTestAppDelegate.m */; };
		1D60589B0D05DD56006BFB54 /* main.m in Sources */ = {isa = PBXBuildFile; fileRef = 29B97316FDCFA39411CA2CEA /* main.m */; };
		2899E5220DE3E06400AC0155 /* PdTestViewController.xib in Resources */ = {isa = PBXBuildFile; fileRef = 2899E5210DE3E06400AC0155 /* PdTestViewController.xib */; };
		28AD733F0D9D9553002E5188 /* MainWindow.xib in Resources */ = {isa = PBXBuildFile; fileRef = 28AD733E0D9D9553002E5188 /* MainWindow.xib */; };
		28D7ACF80DDB3853001CB0EB /* PdTestViewController.m in Sources */ = {isa = PBXBuildFile; fileRef = 28D7ACF70DDB3853001CB0EB /* PdTestViewController.m */; };
		DC0C300E125D15FC008B6389 /* Foundation.framework in Frameworks */ = {isa = PBXBuildFile; fileRef = DC0C300D125D15FC008B6389 /* Foundation.framework */; };
		DC0C3012125D160B008B6389 /* UIKit.framework in Frameworks */ = {isa = PBXBuildFile; fileRef = DC0C3011125D160B008B6389 /* UIKit.framework */; };
		DC0C3016125D1614008B6389 /* CoreGraphics.framework in Frameworks */ = {isa = PBXBuildFile; fileRef = DC0C3015125D1614008B6389 /* CoreGraphics.framework */; };
		DC3B19C21294789B001C3597 /* Banjo_B3.wav in Resources */ = {isa = PBXBuildFile; fileRef = DC3B19C11294789B001C3597 /* Banjo_B3.wav */; };
		DC70C562129B16FB006CC055 /* LoopWithExtern.pd in Resources */ = {isa = PBXBuildFile; fileRef = DC70C561129B16FB006CC055 /* LoopWithExtern.pd */; };
		DC70C5FC129B28F8006CC055 /* ReadMe.txt in Resources */ = {isa = PBXBuildFile; fileRef = DC70C5FB129B28F8006CC055 /* ReadMe.txt */; };
		DCCC7CDF125C3E0F002CF6AC /* AudioToolbox.framework in Frameworks */ = {isa = PBXBuildFile; fileRef = DCCC7CDE125C3E0F002CF6AC /* AudioToolbox.framework */; };
		DCD6ACC6128B38B100C61BBE /* lrshift~.c in Sources */ = {isa = PBXBuildFile; fileRef = DCD6ACC5128B38B100C61BBE /* lrshift~.c */; };
		DCD724CF125D1A1E000A4BDE /* Foundation.framework in Frameworks */ = {isa = PBXBuildFile; fileRef = DCD724CE125D1A1E000A4BDE /* Foundation.framework */; };
/* End PBXBuildFile section */

/* Begin PBXContainerItemProxy section */
		1152A464147F667400DCD675 /* PBXContainerItemProxy */ = {
			isa = PBXContainerItemProxy;
			containerPortal = 1152A45D147F667300DCD675 /* libpd.xcodeproj */;
			proxyType = 2;
			remoteGlobalIDString = D2AAC07E0554694100DB518D;
			remoteInfo = "libpd-ios";
		};
		1152A474147F6A0800DCD675 /* PBXContainerItemProxy */ = {
			isa = PBXContainerItemProxy;
			containerPortal = 1152A45D147F667300DCD675 /* libpd.xcodeproj */;
			proxyType = 1;
			remoteGlobalIDString = D2AAC07D0554694100DB518D;
			remoteInfo = "libpd-ios";
		};
		11A30E551611507F00786A6D /* PBXContainerItemProxy */ = {
			isa = PBXContainerItemProxy;
			containerPortal = 1152A45D147F667300DCD675 /* libpd.xcodeproj */;
			proxyType = 2;
			remoteGlobalIDString = 119013AB1486450C00086F19;
			remoteInfo = "libpd-osx";
		};
/* End PBXContainerItemProxy section */

/* Begin PBXFileReference section */
		1152A45D147F667300DCD675 /* libpd.xcodeproj */ = {isa = PBXFileReference; lastKnownFileType = "wrapper.pb-project"; name = libpd.xcodeproj; path = ../libpd/libpd.xcodeproj; sourceTree = "<group>"; };
		1152A476147F6A0D00DCD675 /* AVFoundation.framework */ = {isa = PBXFileReference; lastKnownFileType = wrapper.framework; name = AVFoundation.framework; path = System/Library/Frameworks/AVFoundation.framework; sourceTree = SDKROOT; };
		1D3623240D0F684500981E51 /* PdTestAppDelegate.h */ = {isa = PBXFileReference; fileEncoding = 4; lastKnownFileType = sourcecode.c.h; path = PdTestAppDelegate.h; sourceTree = "<group>"; };
		1D3623250D0F684500981E51 /* PdTestAppDelegate.m */ = {isa = PBXFileReference; fileEncoding = 4; lastKnownFileType = sourcecode.c.objc; path = PdTestAppDelegate.m; sourceTree = "<group>"; };
		1D6058910D05DD3D006BFB54 /* PdTest02.app */ = {isa = PBXFileReference; explicitFileType = wrapper.application; includeInIndex = 0; path = PdTest02.app; sourceTree = BUILT_PRODUCTS_DIR; };
		2899E5210DE3E06400AC0155 /* PdTestViewController.xib */ = {isa = PBXFileReference; lastKnownFileType = file.xib; path = PdTestViewController.xib; sourceTree = "<group>"; };
		28AD733E0D9D9553002E5188 /* MainWindow.xib */ = {isa = PBXFileReference; lastKnownFileType = file.xib; path = MainWindow.xib; sourceTree = "<group>"; };
		28D7ACF60DDB3853001CB0EB /* PdTestViewController.h */ = {isa = PBXFileReference; fileEncoding = 4; lastKnownFileType = sourcecode.c.h; path = PdTestViewController.h; sourceTree = "<group>"; };
		28D7ACF70DDB3853001CB0EB /* PdTestViewController.m */ = {isa = PBXFileReference; fileEncoding = 4; lastKnownFileType = sourcecode.c.objc; path = PdTestViewController.m; sourceTree = "<group>"; };
		29B97316FDCFA39411CA2CEA /* main.m */ = {isa = PBXFileReference; fileEncoding = 4; lastKnownFileType = sourcecode.c.objc; path = main.m; sourceTree = "<group>"; };
		32CA4F630368D1EE00C91783 /* PdTest02_Prefix.pch */ = {isa = PBXFileReference; fileEncoding = 4; lastKnownFileType = sourcecode.c.h; path = PdTest02_Prefix.pch; sourceTree = "<group>"; };
		8D1107310486CEB800E47090 /* PdTest02-Info.plist */ = {isa = PBXFileReference; fileEncoding = 4; lastKnownFileType = text.plist.xml; path = "PdTest02-Info.plist"; plistStructureDefinitionIdentifier = "com.apple.xcode.plist.structure-definition.iphone.info-plist"; sourceTree = "<group>"; };
		DC0C300D125D15FC008B6389 /* Foundation.framework */ = {isa = PBXFileReference; lastKnownFileType = wrapper.framework; name = Foundation.framework; path = System/Library/Frameworks/Foundation.framework; sourceTree = SDKROOT; };
		DC0C3011125D160B008B6389 /* UIKit.framework */ = {isa = PBXFileReference; lastKnownFileType = wrapper.framework; name = UIKit.framework; path = System/Library/Frameworks/UIKit.framework; sourceTree = SDKROOT; };
		DC0C3015125D1614008B6389 /* CoreGraphics.framework */ = {isa = PBXFileReference; lastKnownFileType = wrapper.framework; name = CoreGraphics.framework; path = System/Library/Frameworks/CoreGraphics.framework; sourceTree = SDKROOT; };
		DC3B19C11294789B001C3597 /* Banjo_B3.wav */ = {isa = PBXFileReference; lastKnownFileType = audio.wav; path = Banjo_B3.wav; sourceTree = SOURCE_ROOT; };
		DC70C561129B16FB006CC055 /* LoopWithExtern.pd */ = {isa = PBXFileReference; fileEncoding = 4; lastKnownFileType = text; path = LoopWithExtern.pd; sourceTree = "<group>"; };
		DC70C5FB129B28F8006CC055 /* ReadMe.txt */ = {isa = PBXFileReference; fileEncoding = 4; lastKnownFileType = text; path = ReadMe.txt; sourceTree = "<group>"; };
		DCCC7CDE125C3E0F002CF6AC /* AudioToolbox.framework */ = {isa = PBXFileReference; lastKnownFileType = wrapper.framework; name = AudioToolbox.framework; path = /System/Library/Frameworks/AudioToolbox.framework; sourceTree = "<absolute>"; };
		DCD6ACC5128B38B100C61BBE /* lrshift~.c */ = {isa = PBXFileReference; fileEncoding = 4; lastKnownFileType = sourcecode.c.c; name = "lrshift~.c"; path = "../libpd/pure-data/extra/lrshift~/lrshift~.c"; sourceTree = "<group>"; };
		DCD724CE125D1A1E000A4BDE /* Foundation.framework */ = {isa = PBXFileReference; lastKnownFileType = wrapper.framework; name = Foundation.framework; path = /System/Library/Frameworks/Foundation.framework; sourceTree = "<absolute>"; };
/* End PBXFileReference section */

/* Begin PBXFrameworksBuildPhase section */
		1D60588F0D05DD3D006BFB54 /* Frameworks */ = {
			isa = PBXFrameworksBuildPhase;
			buildActionMask = 2147483647;
			files = (
				1152A478147F6C6600DCD675 /* libpd-ios.a in Frameworks */,
				1152A477147F6A0D00DCD675 /* AVFoundation.framework in Frameworks */,
				DCCC7CDF125C3E0F002CF6AC /* AudioToolbox.framework in Frameworks */,
				DC0C300E125D15FC008B6389 /* Foundation.framework in Frameworks */,
				DC0C3012125D160B008B6389 /* UIKit.framework in Frameworks */,
				DC0C3016125D1614008B6389 /* CoreGraphics.framework in Frameworks */,
				DCD724CF125D1A1E000A4BDE /* Foundation.framework in Frameworks */,
			);
			runOnlyForDeploymentPostprocessing = 0;
		};
/* End PBXFrameworksBuildPhase section */

/* Begin PBXGroup section */
		080E96DDFE201D6D7F000001 /* Classes */ = {
			isa = PBXGroup;
			children = (
				1D3623240D0F684500981E51 /* PdTestAppDelegate.h */,
				1D3623250D0F684500981E51 /* PdTestAppDelegate.m */,
				28D7ACF60DDB3853001CB0EB /* PdTestViewController.h */,
				28D7ACF70DDB3853001CB0EB /* PdTestViewController.m */,
			);
			path = Classes;
			sourceTree = "<group>";
		};
		1152A45E147F667300DCD675 /* Products */ = {
			isa = PBXGroup;
			children = (
				1152A465147F667400DCD675 /* libpd-ios.a */,
				11A30E561611507F00786A6D /* libpd-osx.a */,
			);
			name = Products;
			sourceTree = "<group>";
		};
		19C28FACFE9D520D11CA2CBB /* Products */ = {
			isa = PBXGroup;
			children = (
				1D6058910D05DD3D006BFB54 /* PdTest02.app */,
			);
			name = Products;
			sourceTree = "<group>";
		};
		29B97314FDCFA39411CA2CEA /* CustomTemplate */ = {
			isa = PBXGroup;
			children = (
				DC70C5FB129B28F8006CC055 /* ReadMe.txt */,
				1152A45D147F667300DCD675 /* libpd.xcodeproj */,
				DCD6ACBC128B37E500C61BBE /* libpd extra externals */,
				080E96DDFE201D6D7F000001 /* Classes */,
				29B97315FDCFA39411CA2CEA /* Other Sources */,
				29B97317FDCFA39411CA2CEA /* Resources */,
				29B97323FDCFA39411CA2CEA /* Frameworks */,
				19C28FACFE9D520D11CA2CBB /* Products */,
			);
			name = CustomTemplate;
			sourceTree = "<group>";
		};
		29B97315FDCFA39411CA2CEA /* Other Sources */ = {
			isa = PBXGroup;
			children = (
				32CA4F630368D1EE00C91783 /* PdTest02_Prefix.pch */,
				29B97316FDCFA39411CA2CEA /* main.m */,
			);
			name = "Other Sources";
			sourceTree = "<group>";
		};
		29B97317FDCFA39411CA2CEA /* Resources */ = {
			isa = PBXGroup;
			children = (
				DC70C561129B16FB006CC055 /* LoopWithExtern.pd */,
				DC3B19C11294789B001C3597 /* Banjo_B3.wav */,
				2899E5210DE3E06400AC0155 /* PdTestViewController.xib */,
				28AD733E0D9D9553002E5188 /* MainWindow.xib */,
				8D1107310486CEB800E47090 /* PdTest02-Info.plist */,
			);
			name = Resources;
			sourceTree = "<group>";
		};
		29B97323FDCFA39411CA2CEA /* Frameworks */ = {
			isa = PBXGroup;
			children = (
				1152A476147F6A0D00DCD675 /* AVFoundation.framework */,
				DCCC7CDE125C3E0F002CF6AC /* AudioToolbox.framework */,
				DC0C300D125D15FC008B6389 /* Foundation.framework */,
				DC0C3011125D160B008B6389 /* UIKit.framework */,
				DC0C3015125D1614008B6389 /* CoreGraphics.framework */,
				DCD724CE125D1A1E000A4BDE /* Foundation.framework */,
			);
			name = Frameworks;
			sourceTree = "<group>";
		};
		DCD6ACBC128B37E500C61BBE /* libpd extra externals */ = {
			isa = PBXGroup;
			children = (
				DCD6ACC5128B38B100C61BBE /* lrshift~.c */,
			);
			name = "libpd extra externals";
			sourceTree = "<group>";
		};
/* End PBXGroup section */

/* Begin PBXNativeTarget section */
		1D6058900D05DD3D006BFB54 /* PdTest02 */ = {
			isa = PBXNativeTarget;
			buildConfigurationList = 1D6058960D05DD3E006BFB54 /* Build configuration list for PBXNativeTarget "PdTest02" */;
			buildPhases = (
				1D60588D0D05DD3D006BFB54 /* Resources */,
				1D60588E0D05DD3D006BFB54 /* Sources */,
				1D60588F0D05DD3D006BFB54 /* Frameworks */,
			);
			buildRules = (
			);
			dependencies = (
				1152A475147F6A0800DCD675 /* PBXTargetDependency */,
			);
			name = PdTest02;
			productName = PdTest01;
			productReference = 1D6058910D05DD3D006BFB54 /* PdTest02.app */;
			productType = "com.apple.product-type.application";
		};
/* End PBXNativeTarget section */

/* Begin PBXProject section */
		29B97313FDCFA39411CA2CEA /* Project object */ = {
			isa = PBXProject;
			attributes = {
				LastUpgradeCheck = 0420;
			};
			buildConfigurationList = C01FCF4E08A954540054247B /* Build configuration list for PBXProject "PdTest02" */;
			compatibilityVersion = "Xcode 3.2";
			developmentRegion = English;
			hasScannedForEncodings = 1;
			knownRegions = (
				English,
				Japanese,
				French,
				German,
			);
			mainGroup = 29B97314FDCFA39411CA2CEA /* CustomTemplate */;
			projectDirPath = "";
			projectReferences = (
				{
					ProductGroup = 1152A45E147F667300DCD675 /* Products */;
					ProjectRef = 1152A45D147F667300DCD675 /* libpd.xcodeproj */;
				},
			);
			projectRoot = "";
			targets = (
				1D6058900D05DD3D006BFB54 /* PdTest02 */,
			);
		};
/* End PBXProject section */

/* Begin PBXReferenceProxy section */
		1152A465147F667400DCD675 /* libpd-ios.a */ = {
			isa = PBXReferenceProxy;
			fileType = archive.ar;
			path = "libpd-ios.a";
			remoteRef = 1152A464147F667400DCD675 /* PBXContainerItemProxy */;
			sourceTree = BUILT_PRODUCTS_DIR;
		};
		11A30E561611507F00786A6D /* libpd-osx.a */ = {
			isa = PBXReferenceProxy;
			fileType = archive.ar;
			path = "libpd-osx.a";
			remoteRef = 11A30E551611507F00786A6D /* PBXContainerItemProxy */;
			sourceTree = BUILT_PRODUCTS_DIR;
		};
/* End PBXReferenceProxy section */

/* Begin PBXResourcesBuildPhase section */
		1D60588D0D05DD3D006BFB54 /* Resources */ = {
			isa = PBXResourcesBuildPhase;
			buildActionMask = 2147483647;
			files = (
				28AD733F0D9D9553002E5188 /* MainWindow.xib in Resources */,
				2899E5220DE3E06400AC0155 /* PdTestViewController.xib in Resources */,
				DC3B19C21294789B001C3597 /* Banjo_B3.wav in Resources */,
				DC70C562129B16FB006CC055 /* LoopWithExtern.pd in Resources */,
				DC70C5FC129B28F8006CC055 /* ReadMe.txt in Resources */,
			);
			runOnlyForDeploymentPostprocessing = 0;
		};
/* End PBXResourcesBuildPhase section */

/* Begin PBXSourcesBuildPhase section */
		1D60588E0D05DD3D006BFB54 /* Sources */ = {
			isa = PBXSourcesBuildPhase;
			buildActionMask = 2147483647;
			files = (
				1D60589B0D05DD56006BFB54 /* main.m in Sources */,
				1D3623260D0F684500981E51 /* PdTestAppDelegate.m in Sources */,
				28D7ACF80DDB3853001CB0EB /* PdTestViewController.m in Sources */,
				DCD6ACC6128B38B100C61BBE /* lrshift~.c in Sources */,
			);
			runOnlyForDeploymentPostprocessing = 0;
		};
/* End PBXSourcesBuildPhase section */

/* Begin PBXTargetDependency section */
		1152A475147F6A0800DCD675 /* PBXTargetDependency */ = {
			isa = PBXTargetDependency;
			name = "libpd-ios";
			targetProxy = 1152A474147F6A0800DCD675 /* PBXContainerItemProxy */;
		};
/* End PBXTargetDependency section */

/* Begin XCBuildConfiguration section */
		1D6058940D05DD3E006BFB54 /* Debug */ = {
			isa = XCBuildConfiguration;
			buildSettings = {
				ALWAYS_SEARCH_USER_PATHS = NO;
				ARCHS = (
					armv7,
					armv6,
				);
				COPY_PHASE_STRIP = NO;
				GCC_DYNAMIC_NO_PIC = NO;
				GCC_OPTIMIZATION_LEVEL = 0;
				GCC_PRECOMPILE_PREFIX_HEADER = YES;
				GCC_PREFIX_HEADER = PdTest02_Prefix.pch;
				INFOPLIST_FILE = "PdTest02-Info.plist";
				IPHONEOS_DEPLOYMENT_TARGET = 4.0;
				ONLY_ACTIVE_ARCH = YES;
				PRODUCT_NAME = PdTest02;
				SDKROOT = iphoneos;
			};
			name = Debug;
		};
		1D6058950D05DD3E006BFB54 /* Release */ = {
			isa = XCBuildConfiguration;
			buildSettings = {
				ALWAYS_SEARCH_USER_PATHS = NO;
				ARCHS = (
					armv7,
					armv6,
				);
				COPY_PHASE_STRIP = YES;
				GCC_PRECOMPILE_PREFIX_HEADER = YES;
				GCC_PREFIX_HEADER = PdTest02_Prefix.pch;
				INFOPLIST_FILE = "PdTest02-Info.plist";
				IPHONEOS_DEPLOYMENT_TARGET = 4.0;
				ONLY_ACTIVE_ARCH = YES;
				PRODUCT_NAME = PdTest02;
				SDKROOT = iphoneos;
				VALIDATE_PRODUCT = YES;
			};
			name = Release;
		};
		C01FCF4F08A954540054247B /* Debug */ = {
			isa = XCBuildConfiguration;
			buildSettings = {
				ARCHS = "$(ARCHS_STANDARD_32_BIT)";
				"CODE_SIGN_IDENTITY[sdk=iphoneos*]" = "iPhone Developer";
				GCC_C_LANGUAGE_STANDARD = c99;
				GCC_WARN_ABOUT_RETURN_TYPE = YES;
				GCC_WARN_UNUSED_VARIABLE = NO;
				HEADER_SEARCH_PATHS = (
					"../libpd/pure-data/src",
					../libpd/objc,
				);
				IPHONEOS_DEPLOYMENT_TARGET = 4.0;
				OTHER_CFLAGS = "";
				SDKROOT = iphoneos;
				TARGETED_DEVICE_FAMILY = "1,2";
			};
			name = Debug;
		};
		C01FCF5008A954540054247B /* Release */ = {
			isa = XCBuildConfiguration;
			buildSettings = {
				ARCHS = "$(ARCHS_STANDARD_32_BIT)";
				"CODE_SIGN_IDENTITY[sdk=iphoneos*]" = "iPhone Developer";
				GCC_C_LANGUAGE_STANDARD = c99;
				GCC_WARN_ABOUT_RETURN_TYPE = YES;
				GCC_WARN_UNUSED_VARIABLE = NO;
				HEADER_SEARCH_PATHS = (
					"../libpd/pure-data/src",
					../libpd/objc,
				);
				IPHONEOS_DEPLOYMENT_TARGET = 4.0;
				OTHER_CFLAGS = "";
				SDKROOT = iphoneos;
				TARGETED_DEVICE_FAMILY = "1,2";
			};
			name = Release;
		};
/* End XCBuildConfiguration section */

/* Begin XCConfigurationList section */
		1D6058960D05DD3E006BFB54 /* Build configuration list for PBXNativeTarget "PdTest02" */ = {
			isa = XCConfigurationList;
			buildConfigurations = (
				1D6058940D05DD3E006BFB54 /* Debug */,
				1D6058950D05DD3E006BFB54 /* Release */,
			);
			defaultConfigurationIsVisible = 0;
			defaultConfigurationName = Release;
		};
		C01FCF4E08A954540054247B /* Build configuration list for PBXProject "PdTest02" */ = {
			isa = XCConfigurationList;
			buildConfigurations = (
				C01FCF4F08A954540054247B /* Debug */,
				C01FCF5008A954540054247B /* Release */,
			);
			defaultConfigurationIsVisible = 0;
			defaultConfigurationName = Release;
		};
/* End XCConfigurationList section */
	};
	rootObject = 29B97313FDCFA39411CA2CEA /* Project object */;
}
