// !$*UTF8*$!
{
	archiveVersion = 1;
	classes = {
	};
	objectVersion = 46;
	objects = {

/* Begin PBXBuildFile section */
		111620FF13B0D5E7000971DC /* PdArray.m in Sources */ = {isa = PBXBuildFile; fileRef = 111620FE13B0D5E7000971DC /* PdArray.m */; };
		113A44C5138142F9004C88F9 /* libpd-ios.a in Frameworks */ = {isa = PBXBuildFile; fileRef = 113A44C4138142ED004C88F9 /* libpd-ios.a */; };
		113A450E13814889004C88F9 /* AudioToolbox.framework in Frameworks */ = {isa = PBXBuildFile; fileRef = 113A450D13814889004C88F9 /* AudioToolbox.framework */; };
		113A4576138149DB004C88F9 /* wavetable.pd in Resources */ = {isa = PBXBuildFile; fileRef = 113A4575138149DB004C88F9 /* wavetable.pd */; };
		113A45D61381528E004C88F9 /* WaveTableView.m in Sources */ = {isa = PBXBuildFile; fileRef = 113A45D51381528E004C88F9 /* WaveTableView.m */; };
		1152A3CD147E15C400DCD675 /* RootViewController.m in Sources */ = {isa = PBXBuildFile; fileRef = 1152A3CC147E15C400DCD675 /* RootViewController.m */; };
		1152A3CF147E172400DCD675 /* AVFoundation.framework in Frameworks */ = {isa = PBXBuildFile; fileRef = 1152A3CE147E172400DCD675 /* AVFoundation.framework */; };
		1176E15115BB71580061A139 /* util in Resources */ = {isa = PBXBuildFile; fileRef = 1176E15015BB71580061A139 /* util */; };
		11C91B1F12C1AEE00022693B /* WaveTablesAppDelegate.m in Sources */ = {isa = PBXBuildFile; fileRef = 11C91B1B12C1AEE00022693B /* WaveTablesAppDelegate.m */; };
		11C91B2612C1AF010022693B /* main.m in Sources */ = {isa = PBXBuildFile; fileRef = 11C91B2212C1AF010022693B /* main.m */; };
		11D47E50138BE56500D2FEEE /* resynthesis.pd in Resources */ = {isa = PBXBuildFile; fileRef = 11D47E4F138BE56500D2FEEE /* resynthesis.pd */; };
		1D60589F0D05DD5A006BFB54 /* Foundation.framework in Frameworks */ = {isa = PBXBuildFile; fileRef = 1D30AB110D05D00D00671497 /* Foundation.framework */; };
		1DF5F4E00D08C38300B7A737 /* UIKit.framework in Frameworks */ = {isa = PBXBuildFile; fileRef = 1DF5F4DF0D08C38300B7A737 /* UIKit.framework */; };
		288765A50DF7441C002DB57D /* CoreGraphics.framework in Frameworks */ = {isa = PBXBuildFile; fileRef = 288765A40DF7441C002DB57D /* CoreGraphics.framework */; };
/* End PBXBuildFile section */

/* Begin PBXContainerItemProxy section */
		113A44C3138142ED004C88F9 /* PBXContainerItemProxy */ = {
			isa = PBXContainerItemProxy;
			containerPortal = 113A44BF138142ED004C88F9 /* libpd.xcodeproj */;
			proxyType = 2;
			remoteGlobalIDString = D2AAC07E0554694100DB518D;
			remoteInfo = libpd;
		};
		113A44C613814305004C88F9 /* PBXContainerItemProxy */ = {
			isa = PBXContainerItemProxy;
			containerPortal = 113A44BF138142ED004C88F9 /* libpd.xcodeproj */;
			proxyType = 1;
			remoteGlobalIDString = D2AAC07D0554694100DB518D;
			remoteInfo = libpd;
		};
		1176E13015BB6D910061A139 /* PBXContainerItemProxy */ = {
			isa = PBXContainerItemProxy;
			containerPortal = 113A44BF138142ED004C88F9 /* libpd.xcodeproj */;
			proxyType = 2;
			remoteGlobalIDString = 119013AB1486450C00086F19;
			remoteInfo = "libpd-osx";
		};
/* End PBXContainerItemProxy section */

/* Begin PBXFileReference section */
		111620FD13B0D5E7000971DC /* PdArray.h */ = {isa = PBXFileReference; fileEncoding = 4; lastKnownFileType = sourcecode.c.h; path = PdArray.h; sourceTree = "<group>"; };
		111620FE13B0D5E7000971DC /* PdArray.m */ = {isa = PBXFileReference; fileEncoding = 4; lastKnownFileType = sourcecode.c.objc; path = PdArray.m; sourceTree = "<group>"; };
		113A44BF138142ED004C88F9 /* libpd.xcodeproj */ = {isa = PBXFileReference; lastKnownFileType = "wrapper.pb-project"; name = libpd.xcodeproj; path = ../libpd/libpd.xcodeproj; sourceTree = SOURCE_ROOT; };
		113A450D13814889004C88F9 /* AudioToolbox.framework */ = {isa = PBXFileReference; lastKnownFileType = wrapper.framework; name = AudioToolbox.framework; path = System/Library/Frameworks/AudioToolbox.framework; sourceTree = SDKROOT; };
		113A4575138149DB004C88F9 /* wavetable.pd */ = {isa = PBXFileReference; fileEncoding = 4; lastKnownFileType = text; path = wavetable.pd; sourceTree = "<group>"; };
		113A45D41381528E004C88F9 /* WaveTableView.h */ = {isa = PBXFileReference; fileEncoding = 4; lastKnownFileType = sourcecode.c.h; path = WaveTableView.h; sourceTree = "<group>"; };
		113A45D51381528E004C88F9 /* WaveTableView.m */ = {isa = PBXFileReference; fileEncoding = 4; lastKnownFileType = sourcecode.c.objc; path = WaveTableView.m; sourceTree = "<group>"; };
		1152A3CB147E15C400DCD675 /* RootViewController.h */ = {isa = PBXFileReference; fileEncoding = 4; lastKnownFileType = sourcecode.c.h; name = RootViewController.h; path = Classes/RootViewController.h; sourceTree = SOURCE_ROOT; };
		1152A3CC147E15C400DCD675 /* RootViewController.m */ = {isa = PBXFileReference; fileEncoding = 4; lastKnownFileType = sourcecode.c.objc; name = RootViewController.m; path = Classes/RootViewController.m; sourceTree = SOURCE_ROOT; };
		1152A3CE147E172400DCD675 /* AVFoundation.framework */ = {isa = PBXFileReference; lastKnownFileType = wrapper.framework; name = AVFoundation.framework; path = System/Library/Frameworks/AVFoundation.framework; sourceTree = SDKROOT; };
		1176E15015BB71580061A139 /* util */ = {isa = PBXFileReference; lastKnownFileType = folder; path = util; sourceTree = "<group>"; };
		11C91B1A12C1AEE00022693B /* WaveTablesAppDelegate.h */ = {isa = PBXFileReference; fileEncoding = 4; lastKnownFileType = sourcecode.c.h; path = WaveTablesAppDelegate.h; sourceTree = "<group>"; };
		11C91B1B12C1AEE00022693B /* WaveTablesAppDelegate.m */ = {isa = PBXFileReference; fileEncoding = 4; lastKnownFileType = sourcecode.c.objc; path = WaveTablesAppDelegate.m; sourceTree = "<group>"; };
		11C91B2212C1AF010022693B /* main.m */ = {isa = PBXFileReference; fileEncoding = 4; lastKnownFileType = sourcecode.c.objc; path = main.m; sourceTree = "<group>"; };
		11C91B2312C1AF010022693B /* Prefix.pch */ = {isa = PBXFileReference; fileEncoding = 4; lastKnownFileType = sourcecode.c.h; path = Prefix.pch; sourceTree = "<group>"; };
		11C91B2512C1AF010022693B /* Info.plist */ = {isa = PBXFileReference; fileEncoding = 4; lastKnownFileType = text.plist.xml; path = Info.plist; sourceTree = "<group>"; };
		11C91B2C12C1AF9F0022693B /* Common.h */ = {isa = PBXFileReference; fileEncoding = 4; lastKnownFileType = sourcecode.c.h; path = Common.h; sourceTree = "<group>"; };
		11D47E4F138BE56500D2FEEE /* resynthesis.pd */ = {isa = PBXFileReference; fileEncoding = 4; lastKnownFileType = text; path = resynthesis.pd; sourceTree = "<group>"; };
		1D30AB110D05D00D00671497 /* Foundation.framework */ = {isa = PBXFileReference; lastKnownFileType = wrapper.framework; name = Foundation.framework; path = System/Library/Frameworks/Foundation.framework; sourceTree = SDKROOT; };
		1D6058910D05DD3D006BFB54 /* WaveTables.app */ = {isa = PBXFileReference; explicitFileType = wrapper.application; includeInIndex = 0; path = WaveTables.app; sourceTree = BUILT_PRODUCTS_DIR; };
		1DF5F4DF0D08C38300B7A737 /* UIKit.framework */ = {isa = PBXFileReference; lastKnownFileType = wrapper.framework; name = UIKit.framework; path = System/Library/Frameworks/UIKit.framework; sourceTree = SDKROOT; };
		288765A40DF7441C002DB57D /* CoreGraphics.framework */ = {isa = PBXFileReference; lastKnownFileType = wrapper.framework; name = CoreGraphics.framework; path = System/Library/Frameworks/CoreGraphics.framework; sourceTree = SDKROOT; };
/* End PBXFileReference section */

/* Begin PBXFrameworksBuildPhase section */
		1D60588F0D05DD3D006BFB54 /* Frameworks */ = {
			isa = PBXFrameworksBuildPhase;
			buildActionMask = 2147483647;
			files = (
				1152A3CF147E172400DCD675 /* AVFoundation.framework in Frameworks */,
				1D60589F0D05DD5A006BFB54 /* Foundation.framework in Frameworks */,
				1DF5F4E00D08C38300B7A737 /* UIKit.framework in Frameworks */,
				288765A50DF7441C002DB57D /* CoreGraphics.framework in Frameworks */,
				113A44C5138142F9004C88F9 /* libpd-ios.a in Frameworks */,
				113A450E13814889004C88F9 /* AudioToolbox.framework in Frameworks */,
			);
			runOnlyForDeploymentPostprocessing = 0;
		};
/* End PBXFrameworksBuildPhase section */

/* Begin PBXGroup section */
		111620FC13B0D5C4000971DC /* Helpers */ = {
			isa = PBXGroup;
			children = (
				111620FD13B0D5E7000971DC /* PdArray.h */,
				111620FE13B0D5E7000971DC /* PdArray.m */,
			);
			name = Helpers;
			sourceTree = "<group>";
		};
		113A44C0138142ED004C88F9 /* Products */ = {
			isa = PBXGroup;
			children = (
				113A44C4138142ED004C88F9 /* libpd-ios.a */,
				1176E13115BB6D910061A139 /* libpd-osx.a */,
			);
			name = Products;
			sourceTree = "<group>";
		};
		113A45D013815251004C88F9 /* Views */ = {
			isa = PBXGroup;
			children = (
				113A45D41381528E004C88F9 /* WaveTableView.h */,
				113A45D51381528E004C88F9 /* WaveTableView.m */,
			);
			name = Views;
			sourceTree = "<group>";
		};
		11C91B1912C1AEE00022693B /* Classes */ = {
			isa = PBXGroup;
			children = (
				111620FC13B0D5C4000971DC /* Helpers */,
				113A45D013815251004C88F9 /* Views */,
				11C91B1C12C1AEE00022693B /* Controllers */,
				11C91B1A12C1AEE00022693B /* WaveTablesAppDelegate.h */,
				11C91B1B12C1AEE00022693B /* WaveTablesAppDelegate.m */,
			);
			path = Classes;
			sourceTree = "<group>";
		};
		11C91B1C12C1AEE00022693B /* Controllers */ = {
			isa = PBXGroup;
			children = (
				1152A3CB147E15C400DCD675 /* RootViewController.h */,
				1152A3CC147E15C400DCD675 /* RootViewController.m */,
			);
			path = Controllers;
			sourceTree = "<group>";
		};
		11C91B2112C1AF010022693B /* OtherSources */ = {
			isa = PBXGroup;
			children = (
				11C91B2212C1AF010022693B /* main.m */,
				11C91B2312C1AF010022693B /* Prefix.pch */,
				11C91B2C12C1AF9F0022693B /* Common.h */,
			);
			path = OtherSources;
			sourceTree = "<group>";
		};
		11C91B2412C1AF010022693B /* Resources */ = {
			isa = PBXGroup;
			children = (
				1176E15015BB71580061A139 /* util */,
				11D47E4F138BE56500D2FEEE /* resynthesis.pd */,
				113A4575138149DB004C88F9 /* wavetable.pd */,
				11C91B2512C1AF010022693B /* Info.plist */,
			);
			path = Resources;
			sourceTree = "<group>";
		};
		19C28FACFE9D520D11CA2CBB /* Products */ = {
			isa = PBXGroup;
			children = (
				1D6058910D05DD3D006BFB54 /* WaveTables.app */,
			);
			name = Products;
			sourceTree = "<group>";
		};
		29B97314FDCFA39411CA2CEA /* CustomTemplate */ = {
			isa = PBXGroup;
			children = (
				113A44BF138142ED004C88F9 /* libpd.xcodeproj */,
				11C91B1912C1AEE00022693B /* Classes */,
				11C91B2112C1AF010022693B /* OtherSources */,
				11C91B2412C1AF010022693B /* Resources */,
				29B97323FDCFA39411CA2CEA /* Frameworks */,
				19C28FACFE9D520D11CA2CBB /* Products */,
			);
			name = CustomTemplate;
			sourceTree = "<group>";
		};
		29B97323FDCFA39411CA2CEA /* Frameworks */ = {
			isa = PBXGroup;
			children = (
				1152A3CE147E172400DCD675 /* AVFoundation.framework */,
				1DF5F4DF0D08C38300B7A737 /* UIKit.framework */,
				1D30AB110D05D00D00671497 /* Foundation.framework */,
				288765A40DF7441C002DB57D /* CoreGraphics.framework */,
				113A450D13814889004C88F9 /* AudioToolbox.framework */,
			);
			name = Frameworks;
			sourceTree = "<group>";
		};
/* End PBXGroup section */

/* Begin PBXNativeTarget section */
		1D6058900D05DD3D006BFB54 /* WaveTables */ = {
			isa = PBXNativeTarget;
			buildConfigurationList = 1D6058960D05DD3E006BFB54 /* Build configuration list for PBXNativeTarget "WaveTables" */;
			buildPhases = (
				1D60588D0D05DD3D006BFB54 /* Resources */,
				1D60588E0D05DD3D006BFB54 /* Sources */,
				1D60588F0D05DD3D006BFB54 /* Frameworks */,
			);
			buildRules = (
			);
			dependencies = (
				113A44C713814305004C88F9 /* PBXTargetDependency */,
			);
			name = WaveTables;
			productName = WaveTables;
			productReference = 1D6058910D05DD3D006BFB54 /* WaveTables.app */;
			productType = "com.apple.product-type.application";
		};
/* End PBXNativeTarget section */

/* Begin PBXProject section */
		29B97313FDCFA39411CA2CEA /* Project object */ = {
			isa = PBXProject;
			attributes = {
				LastUpgradeCheck = 0450;
			};
			buildConfigurationList = C01FCF4E08A954540054247B /* Build configuration list for PBXProject "WaveTables" */;
			compatibilityVersion = "Xcode 3.2";
			developmentRegion = English;
			hasScannedForEncodings = 1;
			knownRegions = (
				English,
				Japanese,
				French,
				German,
			);
			mainGroup = 29B97314FDCFA39411CA2CEA /* CustomTemplate */;
			projectDirPath = "";
			projectReferences = (
				{
					ProductGroup = 113A44C0138142ED004C88F9 /* Products */;
					ProjectRef = 113A44BF138142ED004C88F9 /* libpd.xcodeproj */;
				},
			);
			projectRoot = "";
			targets = (
				1D6058900D05DD3D006BFB54 /* WaveTables */,
			);
		};
/* End PBXProject section */

/* Begin PBXReferenceProxy section */
		113A44C4138142ED004C88F9 /* libpd-ios.a */ = {
			isa = PBXReferenceProxy;
			fileType = archive.ar;
			path = "libpd-ios.a";
			remoteRef = 113A44C3138142ED004C88F9 /* PBXContainerItemProxy */;
			sourceTree = BUILT_PRODUCTS_DIR;
		};
		1176E13115BB6D910061A139 /* libpd-osx.a */ = {
			isa = PBXReferenceProxy;
			fileType = archive.ar;
			path = "libpd-osx.a";
			remoteRef = 1176E13015BB6D910061A139 /* PBXContainerItemProxy */;
			sourceTree = BUILT_PRODUCTS_DIR;
		};
/* End PBXReferenceProxy section */

/* Begin PBXResourcesBuildPhase section */
		1D60588D0D05DD3D006BFB54 /* Resources */ = {
			isa = PBXResourcesBuildPhase;
			buildActionMask = 2147483647;
			files = (
				113A4576138149DB004C88F9 /* wavetable.pd in Resources */,
				11D47E50138BE56500D2FEEE /* resynthesis.pd in Resources */,
				1176E15115BB71580061A139 /* util in Resources */,
			);
			runOnlyForDeploymentPostprocessing = 0;
		};
/* End PBXResourcesBuildPhase section */

/* Begin PBXSourcesBuildPhase section */
		1D60588E0D05DD3D006BFB54 /* Sources */ = {
			isa = PBXSourcesBuildPhase;
			buildActionMask = 2147483647;
			files = (
				11C91B1F12C1AEE00022693B /* WaveTablesAppDelegate.m in Sources */,
				11C91B2612C1AF010022693B /* main.m in Sources */,
				113A45D61381528E004C88F9 /* WaveTableView.m in Sources */,
				111620FF13B0D5E7000971DC /* PdArray.m in Sources */,
				1152A3CD147E15C400DCD675 /* RootViewController.m in Sources */,
			);
			runOnlyForDeploymentPostprocessing = 0;
		};
/* End PBXSourcesBuildPhase section */

/* Begin PBXTargetDependency section */
		113A44C713814305004C88F9 /* PBXTargetDependency */ = {
			isa = PBXTargetDependency;
			name = libpd;
			targetProxy = 113A44C613814305004C88F9 /* PBXContainerItemProxy */;
		};
/* End PBXTargetDependency section */

/* Begin XCBuildConfiguration section */
		1D6058940D05DD3E006BFB54 /* Debug */ = {
			isa = XCBuildConfiguration;
			buildSettings = {
				ALWAYS_SEARCH_USER_PATHS = NO;
				ARCHS = (
					armv6,
					armv7,
				);
				COPY_PHASE_STRIP = NO;
				GCC_DYNAMIC_NO_PIC = NO;
				GCC_OPTIMIZATION_LEVEL = 0;
				GCC_PRECOMPILE_PREFIX_HEADER = YES;
				GCC_PREFIX_HEADER = OtherSources/Prefix.pch;
				GCC_PREPROCESSOR_DEFINITIONS = "DEBUG=1";
				GCC_THUMB_SUPPORT = NO;
				INFOPLIST_FILE = Resources/Info.plist;
				IPHONEOS_DEPLOYMENT_TARGET = 4.0;
				ONLY_ACTIVE_ARCH = YES;
				PRODUCT_NAME = WaveTables;
				SDKROOT = iphoneos;
				TARGETED_DEVICE_FAMILY = "1,2";
			};
			name = Debug;
		};
		1D6058950D05DD3E006BFB54 /* Release */ = {
			isa = XCBuildConfiguration;
			buildSettings = {
				ALWAYS_SEARCH_USER_PATHS = NO;
				ARCHS = (
					armv6,
					armv7,
				);
				COPY_PHASE_STRIP = YES;
				GCC_PRECOMPILE_PREFIX_HEADER = YES;
				GCC_PREFIX_HEADER = OtherSources/Prefix.pch;
				GCC_THUMB_SUPPORT = NO;
				INFOPLIST_FILE = Resources/Info.plist;
				IPHONEOS_DEPLOYMENT_TARGET = 4.0;
				ONLY_ACTIVE_ARCH = YES;
				PRODUCT_NAME = WaveTables;
				SDKROOT = iphoneos;
				TARGETED_DEVICE_FAMILY = "1,2";
				VALIDATE_PRODUCT = YES;
			};
			name = Release;
		};
		C01FCF4F08A954540054247B /* Debug */ = {
			isa = XCBuildConfiguration;
			buildSettings = {
				"CODE_SIGN_IDENTITY[sdk=iphoneos*]" = "iPhone Developer";
				GCC_C_LANGUAGE_STANDARD = c99;
				GCC_WARN_ABOUT_RETURN_TYPE = YES;
				GCC_WARN_UNDECLARED_SELECTOR = YES;
				GCC_WARN_UNUSED_VARIABLE = YES;
				HEADER_SEARCH_PATHS = ../libpd/objc;
				IPHONEOS_DEPLOYMENT_TARGET = 4.0;
				OTHER_CFLAGS = "-DDEBUG";
				SDKROOT = iphoneos;
			};
			name = Debug;
		};
		C01FCF5008A954540054247B /* Release */ = {
			isa = XCBuildConfiguration;
			buildSettings = {
				"CODE_SIGN_IDENTITY[sdk=iphoneos*]" = "iPhone Developer";
				GCC_C_LANGUAGE_STANDARD = c99;
				GCC_WARN_ABOUT_RETURN_TYPE = YES;
				GCC_WARN_UNDECLARED_SELECTOR = YES;
				GCC_WARN_UNUSED_VARIABLE = YES;
				HEADER_SEARCH_PATHS = ../libpd/objc;
				IPHONEOS_DEPLOYMENT_TARGET = 4.0;
				OTHER_CFLAGS = "-DNS_BLOCK_ASSERTIONS=1";
				SDKROOT = iphoneos;
			};
			name = Release;
		};
/* End XCBuildConfiguration section */

/* Begin XCConfigurationList section */
		1D6058960D05DD3E006BFB54 /* Build configuration list for PBXNativeTarget "WaveTables" */ = {
			isa = XCConfigurationList;
			buildConfigurations = (
				1D6058940D05DD3E006BFB54 /* Debug */,
				1D6058950D05DD3E006BFB54 /* Release */,
			);
			defaultConfigurationIsVisible = 0;
			defaultConfigurationName = Release;
		};
		C01FCF4E08A954540054247B /* Build configuration list for PBXProject "WaveTables" */ = {
			isa = XCConfigurationList;
			buildConfigurations = (
				C01FCF4F08A954540054247B /* Debug */,
				C01FCF5008A954540054247B /* Release */,
			);
			defaultConfigurationIsVisible = 0;
			defaultConfigurationName = Release;
		};
/* End XCConfigurationList section */
	};
	rootObject = 29B97313FDCFA39411CA2CEA /* Project object */;
}
